{
  "nodes": {
    "hjem": {
      "inputs": {
        "nix-darwin": "nix-darwin",
        "nixpkgs": [
          "nixpkgs"
        ]
      },
      "locked": {
        "lastModified": 1777061801,
        "narHash": "sha256-a0O56qWfPEKe0mBKgvcQL5UDpWmon70AKJspHNkEJV8=",
        "owner": "feel-co",
        "repo": "hjem",
        "rev": "35c2158ba101d7b42b05debfcb169ba32dad3bbc",
        "type": "github"
      },
      "original": {
        "owner": "feel-co",
        "repo": "hjem",
        "type": "github"
      }
    },
    "my-slstatus": {
      "inputs": {
        "nixpkgs": [
          "nixpkgs"
        ]
      },
      "locked": {
        "lastModified": 1777421825,
        "narHash": "sha256-noEp2q7Gpmutqo3FG0TTU48rvcGYEMfBIkNd1RMqAaQ=",
        "owner": "Skullheadx",
        "repo": "slstatus",
        "rev": "10e3fd8ef7528a8fcafd3b78ccde2f86a6340fdb",
        "type": "github"
      },
      "original": {
        "owner": "Skullheadx",
        "repo": "slstatus",
        "type": "github"
      }
    },
    "my-surf": {
      "inputs": {
        "nixpkgs": [
          "nixpkgs"
        ]
      },
      "locked": {
        "lastModified": 1777427138,
        "narHash": "sha256-dwT1yAlfT5Db1JjDkBTyppCKIJrr1ECNW+GOr3wX2iM=",
        "owner": "Skullheadx",
        "repo": "surf",
        "rev": "c185692a87395edf7dbc181520188a26bde065e7",
        "type": "github"
      },
      "original": {
        "owner": "Skullheadx",
        "repo": "surf",
        "type": "github"
      }
    },
    "nix-darwin": {
      "inputs": {
        "nixpkgs": [
          "hjem",
          "nixpkgs"
        ]
      },
      "locked": {
        "lastModified": 1775037210,
        "narHash": "sha256-KM2WYj6EA7M/FVZVCl3rqWY+TFV5QzSyyGE2gQxeODU=",
        "owner": "nix-darwin",
        "repo": "nix-darwin",
        "rev": "06648f4902343228ce2de79f291dd5a58ee12146",
        "type": "github"
      },
      "original": {
        "owner": "nix-darwin",
        "repo": "nix-darwin",
        "type": "github"
      }
    },
    "nixpkgs": {
      "locked": {
        "lastModified": 1777268161,
        "narHash": "sha256-bxrdOn8SCOv8tN4JbTF/TXq7kjo9ag4M+C8yzzIRYbE=",
        "owner": "nixos",
        "repo": "nixpkgs",
        "rev": "1c3fe55ad329cbcb28471bb30f05c9827f724c76",
        "type": "github"
      },
      "original": {
        "owner": "nixos",
        "ref": "nixos-unstable",
        "repo": "nixpkgs",
        "type": "github"
      }
    },
    "root": {
      "inputs": {
        "hjem": "hjem",
        "my-slstatus": "my-slstatus",
        "my-surf": "my-surf",
        "nixpkgs": "nixpkgs"
      }
    }
  },
  "root": "root",
  "version": 7
}
