{
  "nodes": {
    "hjem": {
      "inputs": {
        "nix-darwin": "nix-darwin",
        "nixpkgs": [
          "nixpkgs"
        ]
      },
      "locked": {
        "lastModified": 1777061801,
        "narHash": "sha256-a0O56qWfPEKe0mBKgvcQL5UDpWmon70AKJspHNkEJV8=",
        "owner": "feel-co",
        "repo": "hjem",
        "rev": "35c2158ba101d7b42b05debfcb169ba32dad3bbc",
        "type": "github"
      },
      "original": {
        "owner": "feel-co",
        "repo": "hjem",
        "type": "github"
      }
    },
    "my-dwm": {
      "inputs": {
        "nixpkgs": [
          "nixpkgs"
        ]
      },
      "locked": {
        "lastModified": 1777453126,
        "narHash": "sha256-xx+euZkDlxooXUIGaiXFUV4lBE4Y3zbbFjXE1dSQrNI=",
        "owner": "Skullheadx",
        "repo": "dwm",
        "rev": "7d13d69bbace4ce70d0c08357eddeb868da74623",
        "type": "github"
      },
      "original": {
        "owner": "Skullheadx",
        "repo": "dwm",
        "type": "github"
      }
    },
    "my-slstatus": {
      "inputs": {
        "nixpkgs": [
          "nixpkgs"
        ]
      },
      "locked": {
        "lastModified": 1777453715,
        "narHash": "sha256-lKu9Hef765ov2uij9liGR2dGdxalvwrvntJHuBDsExM=",
        "owner": "Skullheadx",
        "repo": "slstatus",
        "rev": "02701adf27c07e75e224a9a4990fabdc372e4c65",
        "type": "github"
      },
      "original": {
        "owner": "Skullheadx",
        "repo": "slstatus",
        "type": "github"
      }
    },
    "my-st": {
      "inputs": {
        "nixpkgs": [
          "nixpkgs"
        ]
      },
      "locked": {
        "lastModified": 1777451110,
        "narHash": "sha256-FpsWzl+IhHxCU5nKOP15uivszsG9/tOC9mSnVjh9mw8=",
        "owner": "Skullheadx",
        "repo": "st",
        "rev": "2209942d9b31a35ceb1f7fb9d76ad4753c0beeac",
        "type": "github"
      },
      "original": {
        "owner": "Skullheadx",
        "repo": "st",
        "type": "github"
      }
    },
    "my-surf": {
      "inputs": {
        "nixpkgs": [
          "nixpkgs"
        ]
      },
      "locked": {
        "lastModified": 1777441132,
        "narHash": "sha256-stXvTsRfrZjwdUR1ZrNOh3fUFG/b+1RoINoJBuWMRR0=",
        "owner": "Skullheadx",
        "repo": "surf",
        "rev": "e83b7c93f4f45bec608251b3b28273d6d3c2ab53",
        "type": "github"
      },
      "original": {
        "owner": "Skullheadx",
        "repo": "surf",
        "type": "github"
      }
    },
    "nix-darwin": {
      "inputs": {
        "nixpkgs": [
          "hjem",
          "nixpkgs"
        ]
      },
      "locked": {
        "lastModified": 1775037210,
        "narHash": "sha256-KM2WYj6EA7M/FVZVCl3rqWY+TFV5QzSyyGE2gQxeODU=",
        "owner": "nix-darwin",
        "repo": "nix-darwin",
        "rev": "06648f4902343228ce2de79f291dd5a58ee12146",
        "type": "github"
      },
      "original": {
        "owner": "nix-darwin",
        "repo": "nix-darwin",
        "type": "github"
      }
    },
    "nixpkgs": {
      "locked": {
        "lastModified": 1777268161,
        "narHash": "sha256-bxrdOn8SCOv8tN4JbTF/TXq7kjo9ag4M+C8yzzIRYbE=",
        "owner": "nixos",
        "repo": "nixpkgs",
        "rev": "1c3fe55ad329cbcb28471bb30f05c9827f724c76",
        "type": "github"
      },
      "original": {
        "owner": "nixos",
        "ref": "nixos-unstable",
        "repo": "nixpkgs",
        "type": "github"
      }
    },
    "root": {
      "inputs": {
        "hjem": "hjem",
        "my-dwm": "my-dwm",
        "my-slstatus": "my-slstatus",
        "my-st": "my-st",
        "my-surf": "my-surf",
        "nixpkgs": "nixpkgs"
      }
    }
  },
  "root": "root",
  "version": 7
}
