{
  "nodes": {
    "flake-compat": {
      "locked": {
        "lastModified": 1777699697,
        "narHash": "sha256-Eg9b/rq/ECYwNwEXs5i9wHyhxNI0JrYx2srdI2uZMaQ=",
        "ref": "refs/heads/main",
        "rev": "382052b74656a369c5408822af3f2501e9b1af81",
        "revCount": 94,
        "type": "git",
        "url": "git://git.skullheadx.com/flake-compat.git"
      },
      "original": {
        "type": "git",
        "url": "git://git.skullheadx.com/flake-compat.git"
      }
    },
    "hjem": {
      "inputs": {
        "nixpkgs": [
          "nixpkgs"
        ]
      },
      "locked": {
        "lastModified": 1784601896,
        "narHash": "sha256-rkpUOBv9pVG+GxhK90ebCrFpvjnfP4u2y/iGrzA42K4=",
        "ref": "refs/heads/main",
        "rev": "35e95ebb9557ac41a72fe00dd55218d1a7f21679",
        "revCount": 398,
        "type": "git",
        "url": "git://git.skullheadx.com/hjem.git"
      },
      "original": {
        "type": "git",
        "url": "git://git.skullheadx.com/hjem.git"
      }
    },
    "mnw": {
      "locked": {
        "lastModified": 1784154424,
        "narHash": "sha256-HRn4O1X2ShYtbq5Egji72/aemyc2cIQicjRZD9hBqM8=",
        "ref": "refs/heads/master",
        "rev": "0151d9fa87992cbeb67c86616fb9170dcec830b6",
        "revCount": 193,
        "type": "git",
        "url": "git://git.skullheadx.com/mnw.git"
      },
      "original": {
        "type": "git",
        "url": "git://git.skullheadx.com/mnw.git"
      }
    },
    "my-dmenu": {
      "inputs": {
        "nixpkgs": [
          "nixpkgs"
        ]
      },
      "locked": {
        "lastModified": 1781402344,
        "narHash": "sha256-vhY6GC5xLZtx0tdJendPRq72LrsBYJcEJ7zrc4MYOHw=",
        "ref": "refs/heads/master",
        "rev": "91e229306f4e847fa70d1d004b48c24723a8bfb6",
        "revCount": 629,
        "type": "git",
        "url": "git://git.skullheadx.com/dmenu.git"
      },
      "original": {
        "type": "git",
        "url": "git://git.skullheadx.com/dmenu.git"
      }
    },
    "my-dwm": {
      "inputs": {
        "nixpkgs": [
          "nixpkgs"
        ]
      },
      "locked": {
        "lastModified": 1781402267,
        "narHash": "sha256-hAr/RzrOHXhavNUrpGCkHsnDDdy7eiNY9tMo5kVg7a8=",
        "ref": "refs/heads/master",
        "rev": "06e55b0ac5b05f7d50af0bc95e3ab60be1b7892c",
        "revCount": 1746,
        "type": "git",
        "url": "git://git.skullheadx.com/dwm.git"
      },
      "original": {
        "type": "git",
        "url": "git://git.skullheadx.com/dwm.git"
      }
    },
    "my-slstatus": {
      "inputs": {
        "nixpkgs": [
          "nixpkgs"
        ]
      },
      "locked": {
        "lastModified": 1777653948,
        "narHash": "sha256-oJ4BGbTjsaD39xcI9V9ICsKz9oCRHpsxqxL4ZL8NJjw=",
        "ref": "refs/heads/master",
        "rev": "07e311ed5966079fbff18da4089279a77b60831b",
        "revCount": 624,
        "type": "git",
        "url": "git://git.skullheadx.com/slstatus.git"
      },
      "original": {
        "type": "git",
        "url": "git://git.skullheadx.com/slstatus.git"
      }
    },
    "my-st": {
      "inputs": {
        "nixpkgs": [
          "nixpkgs"
        ]
      },
      "locked": {
        "lastModified": 1781403572,
        "narHash": "sha256-ffX9W4Aouilh+bErk3A31rEJWq88caP+ddR0JYzfDMM=",
        "ref": "refs/heads/master",
        "rev": "152d350c2e341ba7960da2117372af62426bfb24",
        "revCount": 1192,
        "type": "git",
        "url": "git://git.skullheadx.com/st.git"
      },
      "original": {
        "type": "git",
        "url": "git://git.skullheadx.com/st.git"
      }
    },
    "my-surf": {
      "inputs": {
        "nixpkgs": [
          "nixpkgs"
        ]
      },
      "locked": {
        "lastModified": 1777933639,
        "narHash": "sha256-BMZmBTKFy8iab051rmXBHUZcfaav/c4GR9rpgdCR6XM=",
        "ref": "refs/heads/master",
        "rev": "a9203494a3895f95a0207dabf7c587e60dab45c8",
        "revCount": 620,
        "type": "git",
        "url": "git://git.skullheadx.com/surf.git"
      },
      "original": {
        "type": "git",
        "url": "git://git.skullheadx.com/surf.git"
      }
    },
    "nix-darwin": {
      "inputs": {
        "nixpkgs": [
          "nixpkgs"
        ]
      },
      "locked": {
        "lastModified": 1784500460,
        "narHash": "sha256-UvORnAxTRHax7RG74W8Z2t4GvIkX6AjJ5kk0QlwZomo=",
        "ref": "refs/heads/master",
        "rev": "57a3171f94705599a2499248ca5758d5eb47c0e0",
        "revCount": 2398,
        "type": "git",
        "url": "git://git.skullheadx.com/nix-darwin.git"
      },
      "original": {
        "type": "git",
        "url": "git://git.skullheadx.com/nix-darwin.git"
      }
    },
    "nixpkgs": {
      "locked": {
        "lastModified": 1784497964,
        "narHash": "sha256-vlHUuqAcbcH2RKmHbPiuQzbv1pnzzavXnI62RD0bqCU=",
        "ref": "refs/heads/nixos-unstable",
        "rev": "241313f4e8e508cb9b13278c2b0fa25b9ca27163",
        "revCount": 1037713,
        "type": "git",
        "url": "git://git.skullheadx.com/nixpkgs.git"
      },
      "original": {
        "type": "git",
        "url": "git://git.skullheadx.com/nixpkgs.git"
      }
    },
    "nvf": {
      "inputs": {
        "flake-compat": [
          "flake-compat"
        ],
        "mnw": [
          "mnw"
        ],
        "nixpkgs": [
          "nixpkgs"
        ]
      },
      "locked": {
        "lastModified": 1784580101,
        "narHash": "sha256-bjXMyQJiDtFftBMJxHQXIXUz3ZOdS48kKaSnkyoOB0c=",
        "ref": "refs/heads/main",
        "rev": "424ac2bb417e0e5cb4f7be19dfb661668cbbf638",
        "revCount": 3658,
        "type": "git",
        "url": "git://git.skullheadx.com/nvf.git"
      },
      "original": {
        "type": "git",
        "url": "git://git.skullheadx.com/nvf.git"
      }
    },
    "root": {
      "inputs": {
        "flake-compat": "flake-compat",
        "hjem": "hjem",
        "mnw": "mnw",
        "my-dmenu": "my-dmenu",
        "my-dwm": "my-dwm",
        "my-slstatus": "my-slstatus",
        "my-st": "my-st",
        "my-surf": "my-surf",
        "nix-darwin": "nix-darwin",
        "nixpkgs": "nixpkgs",
        "nvf": "nvf"
      }
    }
  },
  "root": "root",
  "version": 7
}
